// !$*UTF8*$!
{
	archiveVersion = 1;
	classes = {
	};
	objectVersion = 55;
	objects = {

/* Begin PBXBuildFile section */
		B32FE028274D1AB300585A63 /* AppDelegate.swift in Sources */ = {isa = PBXBuildFile; fileRef = B32FE027274D1AB300585A63 /* AppDelegate.swift */; };
		B32FE02A274D1AB300585A63 /* SceneDelegate.swift in Sources */ = {isa = PBXBuildFile; fileRef = B32FE029274D1AB300585A63 /* SceneDelegate.swift */; };
		B32FE02C274D1AB300585A63 /* ViewController.swift in Sources */ = {isa = PBXBuildFile; fileRef = B32FE02B274D1AB300585A63 /* ViewController.swift */; };
		B32FE02F274D1AB300585A63 /* Main.storyboard in Resources */ = {isa = PBXBuildFile; fileRef = B32FE02D274D1AB300585A63 /* Main.storyboard */; };
		B32FE031274D1ABF00585A63 /* Assets.xcassets in Resources */ = {isa = PBXBuildFile; fileRef = B32FE030274D1ABF00585A63 /* Assets.xcassets */; };
		B32FE034274D1ABF00585A63 /* LaunchScreen.storyboard in Resources */ = {isa = PBXBuildFile; fileRef = B32FE032274D1ABF00585A63 /* LaunchScreen.storyboard */; };
		B32FE03F274D1AC000585A63 /* Xand0Tests.swift in Sources */ = {isa = PBXBuildFile; fileRef = B32FE03E274D1AC000585A63 /* Xand0Tests.swift */; };
		B32FE049274D1AC000585A63 /* Xand0UITests.swift in Sources */ = {isa = PBXBuildFile; fileRef = B32FE048274D1AC000585A63 /* Xand0UITests.swift */; };
		B32FE04B274D1AC000585A63 /* Xand0UITestsLaunchTests.swift in Sources */ = {isa = PBXBuildFile; fileRef = B32FE04A274D1AC000585A63 /* Xand0UITestsLaunchTests.swift */; };
		B351D5242761F5EA006FDC88 /* StartViewController.swift in Sources */ = {isa = PBXBuildFile; fileRef = B351D5232761F5EA006FDC88 /* StartViewController.swift */; };
/* End PBXBuildFile section */

/* Begin PBXContainerItemProxy section */
		B32FE03B274D1AC000585A63 /* PBXContainerItemProxy */ = {
			isa = PBXContainerItemProxy;
			containerPortal = B32FE01C274D1AB300585A63 /* Project object */;
			proxyType = 1;
			remoteGlobalIDString = B32FE023274D1AB300585A63;
			remoteInfo = Xand0;
		};
		B32FE045274D1AC000585A63 /* PBXContainerItemProxy */ = {
			isa = PBXContainerItemProxy;
			containerPortal = B32FE01C274D1AB300585A63 /* Project object */;
			proxyType = 1;
			remoteGlobalIDString = B32FE023274D1AB300585A63;
			remoteInfo = Xand0;
		};
/* End PBXContainerItemProxy section */

/* Begin PBXFileReference section */
		B32FE024274D1AB300585A63 /* Xand0.app */ = {isa = PBXFileReference; explicitFileType = wrapper.application; includeInIndex = 0; path = Xand0.app; sourceTree = BUILT_PRODUCTS_DIR; };
		B32FE027274D1AB300585A63 /* AppDelegate.swift */ = {isa = PBXFileReference; lastKnownFileType = sourcecode.swift; path = AppDelegate.swift; sourceTree = "<group>"; };
		B32FE029274D1AB300585A63 /* SceneDelegate.swift */ = {isa = PBXFileReference; lastKnownFileType = sourcecode.swift; path = SceneDelegate.swift; sourceTree = "<group>"; };
		B32FE02B274D1AB300585A63 /* ViewController.swift */ = {isa = PBXFileReference; lastKnownFileType = sourcecode.swift; path = ViewController.swift; sourceTree = "<group>"; };
		B32FE02E274D1AB300585A63 /* Base */ = {isa = PBXFileReference; lastKnownFileType = file.storyboard; name = Base; path = Base.lproj/Main.storyboard; sourceTree = "<group>"; };
		B32FE030274D1ABF00585A63 /* Assets.xcassets */ = {isa = PBXFileReference; lastKnownFileType = folder.assetcatalog; path = Assets.xcassets; sourceTree = "<group>"; };
		B32FE033274D1ABF00585A63 /* Base */ = {isa = PBXFileReference; lastKnownFileType = file.storyboard; name = Base; path = Base.lproj/LaunchScreen.storyboard; sourceTree = "<group>"; };
		B32FE035274D1ABF00585A63 /* Info.plist */ = {isa = PBXFileReference; lastKnownFileType = text.plist.xml; path = Info.plist; sourceTree = "<group>"; };
		B32FE03A274D1AC000585A63 /* Xand0Tests.xctest */ = {isa = PBXFileReference; explicitFileType = wrapper.cfbundle; includeInIndex = 0; path = Xand0Tests.xctest; sourceTree = BUILT_PRODUCTS_DIR; };
		B32FE03E274D1AC000585A63 /* Xand0Tests.swift */ = {isa = PBXFileReference; lastKnownFileType = sourcecode.swift; path = Xand0Tests.swift; sourceTree = "<group>"; };
		B32FE044274D1AC000585A63 /* Xand0UITests.xctest */ = {isa = PBXFileReference; explicitFileType = wrapper.cfbundle; includeInIndex = 0; path = Xand0UITests.xctest; sourceTree = BUILT_PRODUCTS_DIR; };
		B32FE048274D1AC000585A63 /* Xand0UITests.swift */ = {isa = PBXFileReference; lastKnownFileType = sourcecode.swift; path = Xand0UITests.swift; sourceTree = "<group>"; };
		B32FE04A274D1AC000585A63 /* Xand0UITestsLaunchTests.swift */ = {isa = PBXFileReference; lastKnownFileType = sourcecode.swift; path = Xand0UITestsLaunchTests.swift; sourceTree = "<group>"; };
		B351D5232761F5EA006FDC88 /* StartViewController.swift */ = {isa = PBXFileReference; lastKnownFileType = sourcecode.swift; path = StartViewController.swift; sourceTree = "<group>"; };
/* End PBXFileReference section */

/* Begin PBXFrameworksBuildPhase section */
		B32FE021274D1AB300585A63 /* Frameworks */ = {
			isa = PBXFrameworksBuildPhase;
			buildActionMask = 2147483647;
			files = (
			);
			runOnlyForDeploymentPostprocessing = 0;
		};
		B32FE037274D1AC000585A63 /* Frameworks */ = {
			isa = PBXFrameworksBuildPhase;
			buildActionMask = 2147483647;
			files = (
			);
			runOnlyForDeploymentPostprocessing = 0;
		};
		B32FE041274D1AC000585A63 /* Frameworks */ = {
			isa = PBXFrameworksBuildPhase;
			buildActionMask = 2147483647;
			files = (
			);
			runOnlyForDeploymentPostprocessing = 0;
		};
/* End PBXFrameworksBuildPhase section */

/* Begin PBXGroup section */
		B32FE01B274D1AB300585A63 = {
			isa = PBXGroup;
			children = (
				B32FE026274D1AB300585A63 /* Xand0 */,
				B32FE03D274D1AC000585A63 /* Xand0Tests */,
				B32FE047274D1AC000585A63 /* Xand0UITests */,
				B32FE025274D1AB300585A63 /* Products */,
			);
			sourceTree = "<group>";
		};
		B32FE025274D1AB300585A63 /* Products */ = {
			isa = PBXGroup;
			children = (
				B32FE024274D1AB300585A63 /* Xand0.app */,
				B32FE03A274D1AC000585A63 /* Xand0Tests.xctest */,
				B32FE044274D1AC000585A63 /* Xand0UITests.xctest */,
			);
			name = Products;
			sourceTree = "<group>";
		};
		B32FE026274D1AB300585A63 /* Xand0 */ = {
			isa = PBXGroup;
			children = (
				B32FE027274D1AB300585A63 /* AppDelegate.swift */,
				B32FE029274D1AB300585A63 /* SceneDelegate.swift */,
				B32FE02B274D1AB300585A63 /* ViewController.swift */,
				B32FE02D274D1AB300585A63 /* Main.storyboard */,
				B32FE030274D1ABF00585A63 /* Assets.xcassets */,
				B32FE032274D1ABF00585A63 /* LaunchScreen.storyboard */,
				B32FE035274D1ABF00585A63 /* Info.plist */,
				B351D5232761F5EA006FDC88 /* StartViewController.swift */,
			);
			path = Xand0;
			sourceTree = "<group>";
		};
		B32FE03D274D1AC000585A63 /* Xand0Tests */ = {
			isa = PBXGroup;
			children = (
				B32FE03E274D1AC000585A63 /* Xand0Tests.swift */,
			);
			path = Xand0Tests;
			sourceTree = "<group>";
		};
		B32FE047274D1AC000585A63 /* Xand0UITests */ = {
			isa = PBXGroup;
			children = (
				B32FE048274D1AC000585A63 /* Xand0UITests.swift */,
				B32FE04A274D1AC000585A63 /* Xand0UITestsLaunchTests.swift */,
			);
			path = Xand0UITests;
			sourceTree = "<group>";
		};
/* End PBXGroup section */

/* Begin PBXNativeTarget section */
		B32FE023274D1AB300585A63 /* Xand0 */ = {
			isa = PBXNativeTarget;
			buildConfigurationList = B32FE04E274D1AC000585A63 /* Build configuration list for PBXNativeTarget "Xand0" */;
			buildPhases = (
				B32FE020274D1AB300585A63 /* Sources */,
				B32FE021274D1AB300585A63 /* Frameworks */,
				B32FE022274D1AB300585A63 /* Resources */,
			);
			buildRules = (
			);
			dependencies = (
			);
			name = Xand0;
			productName = Xand0;
			productReference = B32FE024274D1AB300585A63 /* Xand0.app */;
			productType = "com.apple.product-type.application";
		};
		B32FE039274D1AC000585A63 /* Xand0Tests */ = {
			isa = PBXNativeTarget;
			buildConfigurationList = B32FE051274D1AC000585A63 /* Build configuration list for PBXNativeTarget "Xand0Tests" */;
			buildPhases = (
				B32FE036274D1AC000585A63 /* Sources */,
				B32FE037274D1AC000585A63 /* Frameworks */,
				B32FE038274D1AC000585A63 /* Resources */,
			);
			buildRules = (
			);
			dependencies = (
				B32FE03C274D1AC000585A63 /* PBXTargetDependency */,
			);
			name = Xand0Tests;
			productName = Xand0Tests;
			productReference = B32FE03A274D1AC000585A63 /* Xand0Tests.xctest */;
			productType = "com.apple.product-type.bundle.unit-test";
		};
		B32FE043274D1AC000585A63 /* Xand0UITests */ = {
			isa = PBXNativeTarget;
			buildConfigurationList = B32FE054274D1AC000585A63 /* Build configuration list for PBXNativeTarget "Xand0UITests" */;
			buildPhases = (
				B32FE040274D1AC000585A63 /* Sources */,
				B32FE041274D1AC000585A63 /* Frameworks */,
				B32FE042274D1AC000585A63 /* Resources */,
			);
			buildRules = (
			);
			dependencies = (
				B32FE046274D1AC000585A63 /* PBXTargetDependency */,
			);
			name = Xand0UITests;
			productName = Xand0UITests;
			productReference = B32FE044274D1AC000585A63 /* Xand0UITests.xctest */;
			productType = "com.apple.product-type.bundle.ui-testing";
		};
/* End PBXNativeTarget section */

/* Begin PBXProject section */
		B32FE01C274D1AB300585A63 /* Project object */ = {
			isa = PBXProject;
			attributes = {
				BuildIndependentTargetsInParallel = 1;
				LastSwiftUpdateCheck = 1310;
				LastUpgradeCheck = 1310;
				TargetAttributes = {
					B32FE023274D1AB300585A63 = {
						CreatedOnToolsVersion = 13.1;
					};
					B32FE039274D1AC000585A63 = {
						CreatedOnToolsVersion = 13.1;
						TestTargetID = B32FE023274D1AB300585A63;
					};
					B32FE043274D1AC000585A63 = {
						CreatedOnToolsVersion = 13.1;
						TestTargetID = B32FE023274D1AB300585A63;
					};
				};
			};
			buildConfigurationList = B32FE01F274D1AB300585A63 /* Build configuration list for PBXProject "Xand0" */;
			compatibilityVersion = "Xcode 13.0";
			developmentRegion = en;
			hasScannedForEncodings = 0;
			knownRegions = (
				en,
				Base,
			);
			mainGroup = B32FE01B274D1AB300585A63;
			productRefGroup = B32FE025274D1AB300585A63 /* Products */;
			projectDirPath = "";
			projectRoot = "";
			targets = (
				B32FE023274D1AB300585A63 /* Xand0 */,
				B32FE039274D1AC000585A63 /* Xand0Tests */,
				B32FE043274D1AC000585A63 /* Xand0UITests */,
			);
		};
/* End PBXProject section */

/* Begin PBXResourcesBuildPhase section */
		B32FE022274D1AB300585A63 /* Resources */ = {
			isa = PBXResourcesBuildPhase;
			buildActionMask = 2147483647;
			files = (
				B32FE034274D1ABF00585A63 /* LaunchScreen.storyboard in Resources */,
				B32FE031274D1ABF00585A63 /* Assets.xcassets in Resources */,
				B32FE02F274D1AB300585A63 /* Main.storyboard in Resources */,
			);
			runOnlyForDeploymentPostprocessing = 0;
		};
		B32FE038274D1AC000585A63 /* Resources */ = {
			isa = PBXResourcesBuildPhase;
			buildActionMask = 2147483647;
			files = (
			);
			runOnlyForDeploymentPostprocessing = 0;
		};
		B32FE042274D1AC000585A63 /* Resources */ = {
			isa = PBXResourcesBuildPhase;
			buildActionMask = 2147483647;
			files = (
			);
			runOnlyForDeploymentPostprocessing = 0;
		};
/* End PBXResourcesBuildPhase section */

/* Begin PBXSourcesBuildPhase section */
		B32FE020274D1AB300585A63 /* Sources */ = {
			isa = PBXSourcesBuildPhase;
			buildActionMask = 2147483647;
			files = (
				B32FE02C274D1AB300585A63 /* ViewController.swift in Sources */,
				B351D5242761F5EA006FDC88 /* StartViewController.swift in Sources */,
				B32FE028274D1AB300585A63 /* AppDelegate.swift in Sources */,
				B32FE02A274D1AB300585A63 /* SceneDelegate.swift in Sources */,
			);
			runOnlyForDeploymentPostprocessing = 0;
		};
		B32FE036274D1AC000585A63 /* Sources */ = {
			isa = PBXSourcesBuildPhase;
			buildActionMask = 2147483647;
			files = (
				B32FE03F274D1AC000585A63 /* Xand0Tests.swift in Sources */,
			);
			runOnlyForDeploymentPostprocessing = 0;
		};
		B32FE040274D1AC000585A63 /* Sources */ = {
			isa = PBXSourcesBuildPhase;
			buildActionMask = 2147483647;
			files = (
				B32FE04B274D1AC000585A63 /* Xand0UITestsLaunchTests.swift in Sources */,
				B32FE049274D1AC000585A63 /* Xand0UITests.swift in Sources */,
			);
			runOnlyForDeploymentPostprocessing = 0;
		};
/* End PBXSourcesBuildPhase section */

/* Begin PBXTargetDependency section */
		B32FE03C274D1AC000585A63 /* PBXTargetDependency */ = {
			isa = PBXTargetDependency;
			target = B32FE023274D1AB300585A63 /* Xand0 */;
			targetProxy = B32FE03B274D1AC000585A63 /* PBXContainerItemProxy */;
		};
		B32FE046274D1AC000585A63 /* PBXTargetDependency */ = {
			isa = PBXTargetDependency;
			target = B32FE023274D1AB300585A63 /* Xand0 */;
			targetProxy = B32FE045274D1AC000585A63 /* PBXContainerItemProxy */;
		};
/* End PBXTargetDependency section */

/* Begin PBXVariantGroup section */
		B32FE02D274D1AB300585A63 /* Main.storyboard */ = {
			isa = PBXVariantGroup;
			children = (
				B32FE02E274D1AB300585A63 /* Base */,
			);
			name = Main.storyboard;
			sourceTree = "<group>";
		};
		B32FE032274D1ABF00585A63 /* LaunchScreen.storyboard */ = {
			isa = PBXVariantGroup;
			children = (
				B32FE033274D1ABF00585A63 /* Base */,
			);
			name = LaunchScreen.storyboard;
			sourceTree = "<group>";
		};
/* End PBXVariantGroup section */

/* Begin XCBuildConfiguration section */
		B32FE04C274D1AC000585A63 /* Debug */ = {
			isa = XCBuildConfiguration;
			buildSettings = {
				ALWAYS_SEARCH_USER_PATHS = NO;
				CLANG_ANALYZER_NONNULL = YES;
				CLANG_ANALYZER_NUMBER_OBJECT_CONVERSION = YES_AGGRESSIVE;
				CLANG_CXX_LANGUAGE_STANDARD = "gnu++17";
				CLANG_CXX_LIBRARY = "libc++";
				CLANG_ENABLE_MODULES = YES;
				CLANG_ENABLE_OBJC_ARC = YES;
				CLANG_ENABLE_OBJC_WEAK = YES;
				CLANG_WARN_BLOCK_CAPTURE_AUTORELEASING = YES;
				CLANG_WARN_BOOL_CONVERSION = YES;
				CLANG_WARN_COMMA = YES;
				CLANG_WARN_CONSTANT_CONVERSION = YES;
				CLANG_WARN_DEPRECATED_OBJC_IMPLEMENTATIONS = YES;
				CLANG_WARN_DIRECT_OBJC_ISA_USAGE = YES_ERROR;
				CLANG_WARN_DOCUMENTATION_COMMENTS = YES;
				CLANG_WARN_EMPTY_BODY = YES;
				CLANG_WARN_ENUM_CONVERSION = YES;
				CLANG_WARN_INFINITE_RECURSION = YES;
				CLANG_WARN_INT_CONVERSION = YES;
				CLANG_WARN_NON_LITERAL_NULL_CONVERSION = YES;
				CLANG_WARN_OBJC_IMPLICIT_RETAIN_SELF = YES;
				CLANG_WARN_OBJC_LITERAL_CONVERSION = YES;
				CLANG_WARN_OBJC_ROOT_CLASS = YES_ERROR;
				CLANG_WARN_QUOTED_INCLUDE_IN_FRAMEWORK_HEADER = YES;
				CLANG_WARN_RANGE_LOOP_ANALYSIS = YES;
				CLANG_WARN_STRICT_PROTOTYPES = YES;
				CLANG_WARN_SUSPICIOUS_MOVE = YES;
				CLANG_WARN_UNGUARDED_AVAILABILITY = YES_AGGRESSIVE;
				CLANG_WARN_UNREACHABLE_CODE = YES;
				CLANG_WARN__DUPLICATE_METHOD_MATCH = YES;
				COPY_PHASE_STRIP = NO;
				DEBUG_INFORMATION_FORMAT = dwarf;
				ENABLE_STRICT_OBJC_MSGSEND = YES;
				ENABLE_TESTABILITY = YES;
				GCC_C_LANGUAGE_STANDARD = gnu11;
				GCC_DYNAMIC_NO_PIC = NO;
				GCC_NO_COMMON_BLOCKS = YES;
				GCC_OPTIMIZATION_LEVEL = 0;
				GCC_PREPROCESSOR_DEFINITIONS = (
					"DEBUG=1",
					"$(inherited)",
				);
				GCC_WARN_64_TO_32_BIT_CONVERSION = YES;
				GCC_WARN_ABOUT_RETURN_TYPE = YES_ERROR;
				GCC_WARN_UNDECLARED_SELECTOR = YES;
				GCC_WARN_UNINITIALIZED_AUTOS = YES_AGGRESSIVE;
				GCC_WARN_UNUSED_FUNCTION = YES;
				GCC_WARN_UNUSED_VARIABLE = YES;
				IPHONEOS_DEPLOYMENT_TARGET = 15.0;
				MTL_ENABLE_DEBUG_INFO = INCLUDE_SOURCE;
				MTL_FAST_MATH = YES;
				ONLY_ACTIVE_ARCH = YES;
				SDKROOT = iphoneos;
				SWIFT_ACTIVE_COMPILATION_CONDITIONS = DEBUG;
				SWIFT_OPTIMIZATION_LEVEL = "-Onone";
			};
			name = Debug;
		};
		B32FE04D274D1AC000585A63 /* Release */ = {
			isa = XCBuildConfiguration;
			buildSettings = {
				ALWAYS_SEARCH_USER_PATHS = NO;
				CLANG_ANALYZER_NONNULL = YES;
				CLANG_ANALYZER_NUMBER_OBJECT_CONVERSION = YES_AGGRESSIVE;
				CLANG_CXX_LANGUAGE_STANDARD = "gnu++17";
				CLANG_CXX_LIBRARY = "libc++";
				CLANG_ENABLE_MODULES = YES;
				CLANG_ENABLE_OBJC_ARC = YES;
				CLANG_ENABLE_OBJC_WEAK = YES;
				CLANG_WARN_BLOCK_CAPTURE_AUTORELEASING = YES;
				CLANG_WARN_BOOL_CONVERSION = YES;
				CLANG_WARN_COMMA = YES;
				CLANG_WARN_CONSTANT_CONVERSION = YES;
				CLANG_WARN_DEPRECATED_OBJC_IMPLEMENTATIONS = YES;
				CLANG_WARN_DIRECT_OBJC_ISA_USAGE = YES_ERROR;
				CLANG_WARN_DOCUMENTATION_COMMENTS = YES;
				CLANG_WARN_EMPTY_BODY = YES;
				CLANG_WARN_ENUM_CONVERSION = YES;
				CLANG_WARN_INFINITE_RECURSION = YES;
				CLANG_WARN_INT_CONVERSION = YES;
				CLANG_WARN_NON_LITERAL_NULL_CONVERSION = YES;
				CLANG_WARN_OBJC_IMPLICIT_RETAIN_SELF = YES;
				CLANG_WARN_OBJC_LITERAL_CONVERSION = YES;
				CLANG_WARN_OBJC_ROOT_CLASS = YES_ERROR;
				CLANG_WARN_QUOTED_INCLUDE_IN_FRAMEWORK_HEADER = YES;
				CLANG_WARN_RANGE_LOOP_ANALYSIS = YES;
				CLANG_WARN_STRICT_PROTOTYPES = YES;
				CLANG_WARN_SUSPICIOUS_MOVE = YES;
				CLANG_WARN_UNGUARDED_AVAILABILITY = YES_AGGRESSIVE;
				CLANG_WARN_UNREACHABLE_CODE = YES;
				CLANG_WARN__DUPLICATE_METHOD_MATCH = YES;
				COPY_PHASE_STRIP = NO;
				DEBUG_INFORMATION_FORMAT = "dwarf-with-dsym";
				ENABLE_NS_ASSERTIONS = NO;
				ENABLE_STRICT_OBJC_MSGSEND = YES;
				GCC_C_LANGUAGE_STANDARD = gnu11;
				GCC_NO_COMMON_BLOCKS = YES;
				GCC_WARN_64_TO_32_BIT_CONVERSION = YES;
				GCC_WARN_ABOUT_RETURN_TYPE = YES_ERROR;
				GCC_WARN_UNDECLARED_SELECTOR = YES;
				GCC_WARN_UNINITIALIZED_AUTOS = YES_AGGRESSIVE;
				GCC_WARN_UNUSED_FUNCTION = YES;
				GCC_WARN_UNUSED_VARIABLE = YES;
				IPHONEOS_DEPLOYMENT_TARGET = 15.0;
				MTL_ENABLE_DEBUG_INFO = NO;
				MTL_FAST_MATH = YES;
				SDKROOT = iphoneos;
				SWIFT_COMPILATION_MODE = wholemodule;
				SWIFT_OPTIMIZATION_LEVEL = "-O";
				VALIDATE_PRODUCT = YES;
			};
			name = Release;
		};
		B32FE04F274D1AC000585A63 /* Debug */ = {
			isa = XCBuildConfiguration;
			buildSettings = {
				ASSETCATALOG_COMPILER_APPICON_NAME = AppIcon;
				ASSETCATALOG_COMPILER_GLOBAL_ACCENT_COLOR_NAME = AccentColor;
				CODE_SIGN_STYLE = Automatic;
				CURRENT_PROJECT_VERSION = 1;
				DEVELOPMENT_TEAM = JYXM9GFJ7A;
				GENERATE_INFOPLIST_FILE = YES;
				INFOPLIST_FILE = Xand0/Info.plist;
				INFOPLIST_KEY_UIApplicationSupportsIndirectInputEvents = YES;
				INFOPLIST_KEY_UILaunchStoryboardName = LaunchScreen;
				INFOPLIST_KEY_UIMainStoryboardFile = Main;
				INFOPLIST_KEY_UISupportedInterfaceOrientations_iPad = "UIInterfaceOrientationPortrait UIInterfaceOrientationPortraitUpsideDown UIInterfaceOrientationLandscapeLeft UIInterfaceOrientationLandscapeRight";
				INFOPLIST_KEY_UISupportedInterfaceOrientations_iPhone = "UIInterfaceOrientationPortrait UIInterfaceOrientationLandscapeLeft UIInterfaceOrientationLandscapeRight";
				LD_RUNPATH_SEARCH_PATHS = (
					"$(inherited)",
					"@executable_path/Frameworks",
				);
				MARKETING_VERSION = 1.0;
				PRODUCT_BUNDLE_IDENTIFIER = com.exemple.Xand0;
				PRODUCT_NAME = "$(TARGET_NAME)";
				SWIFT_EMIT_LOC_STRINGS = YES;
				SWIFT_VERSION = 5.0;
				TARGETED_DEVICE_FAMILY = "1,2";
			};
			name = Debug;
		};
		B32FE050274D1AC000585A63 /* Release */ = {
			isa = XCBuildConfiguration;
			buildSettings = {
				ASSETCATALOG_COMPILER_APPICON_NAME = AppIcon;
				ASSETCATALOG_COMPILER_GLOBAL_ACCENT_COLOR_NAME = AccentColor;
				CODE_SIGN_STYLE = Automatic;
				CURRENT_PROJECT_VERSION = 1;
				DEVELOPMENT_TEAM = JYXM9GFJ7A;
				GENERATE_INFOPLIST_FILE = YES;
				INFOPLIST_FILE = Xand0/Info.plist;
				INFOPLIST_KEY_UIApplicationSupportsIndirectInputEvents = YES;
				INFOPLIST_KEY_UILaunchStoryboardName = LaunchScreen;
				INFOPLIST_KEY_UIMainStoryboardFile = Main;
				INFOPLIST_KEY_UISupportedInterfaceOrientations_iPad = "UIInterfaceOrientationPortrait UIInterfaceOrientationPortraitUpsideDown UIInterfaceOrientationLandscapeLeft UIInterfaceOrientationLandscapeRight";
				INFOPLIST_KEY_UISupportedInterfaceOrientations_iPhone = "UIInterfaceOrientationPortrait UIInterfaceOrientationLandscapeLeft UIInterfaceOrientationLandscapeRight";
				LD_RUNPATH_SEARCH_PATHS = (
					"$(inherited)",
					"@executable_path/Frameworks",
				);
				MARKETING_VERSION = 1.0;
				PRODUCT_BUNDLE_IDENTIFIER = com.exemple.Xand0;
				PRODUCT_NAME = "$(TARGET_NAME)";
				SWIFT_EMIT_LOC_STRINGS = YES;
				SWIFT_VERSION = 5.0;
				TARGETED_DEVICE_FAMILY = "1,2";
			};
			name = Release;
		};
		B32FE052274D1AC000585A63 /* Debug */ = {
			isa = XCBuildConfiguration;
			buildSettings = {
				ALWAYS_EMBED_SWIFT_STANDARD_LIBRARIES = YES;
				BUNDLE_LOADER = "$(TEST_HOST)";
				CODE_SIGN_STYLE = Automatic;
				CURRENT_PROJECT_VERSION = 1;
				DEVELOPMENT_TEAM = JYXM9GFJ7A;
				GENERATE_INFOPLIST_FILE = YES;
				IPHONEOS_DEPLOYMENT_TARGET = 15.0;
				LD_RUNPATH_SEARCH_PATHS = (
					"$(inherited)",
					"@executable_path/Frameworks",
					"@loader_path/Frameworks",
				);
				MARKETING_VERSION = 1.0;
				PRODUCT_BUNDLE_IDENTIFIER = com.exemple.Xand0Tests;
				PRODUCT_NAME = "$(TARGET_NAME)";
				SWIFT_EMIT_LOC_STRINGS = NO;
				SWIFT_VERSION = 5.0;
				TARGETED_DEVICE_FAMILY = "1,2";
				TEST_HOST = "$(BUILT_PRODUCTS_DIR)/Xand0.app/Xand0";
			};
			name = Debug;
		};
		B32FE053274D1AC000585A63 /* Release */ = {
			isa = XCBuildConfiguration;
			buildSettings = {
				ALWAYS_EMBED_SWIFT_STANDARD_LIBRARIES = YES;
				BUNDLE_LOADER = "$(TEST_HOST)";
				CODE_SIGN_STYLE = Automatic;
				CURRENT_PROJECT_VERSION = 1;
				DEVELOPMENT_TEAM = JYXM9GFJ7A;
				GENERATE_INFOPLIST_FILE = YES;
				IPHONEOS_DEPLOYMENT_TARGET = 15.0;
				LD_RUNPATH_SEARCH_PATHS = (
					"$(inherited)",
					"@executable_path/Frameworks",
					"@loader_path/Frameworks",
				);
				MARKETING_VERSION = 1.0;
				PRODUCT_BUNDLE_IDENTIFIER = com.exemple.Xand0Tests;
				PRODUCT_NAME = "$(TARGET_NAME)";
				SWIFT_EMIT_LOC_STRINGS = NO;
				SWIFT_VERSION = 5.0;
				TARGETED_DEVICE_FAMILY = "1,2";
				TEST_HOST = "$(BUILT_PRODUCTS_DIR)/Xand0.app/Xand0";
			};
			name = Release;
		};
		B32FE055274D1AC000585A63 /* Debug */ = {
			isa = XCBuildConfiguration;
			buildSettings = {
				ALWAYS_EMBED_SWIFT_STANDARD_LIBRARIES = YES;
				CODE_SIGN_STYLE = Automatic;
				CURRENT_PROJECT_VERSION = 1;
				DEVELOPMENT_TEAM = JYXM9GFJ7A;
				GENERATE_INFOPLIST_FILE = YES;
				LD_RUNPATH_SEARCH_PATHS = (
					"$(inherited)",
					"@executable_path/Frameworks",
					"@loader_path/Frameworks",
				);
				MARKETING_VERSION = 1.0;
				PRODUCT_BUNDLE_IDENTIFIER = com.exemple.Xand0UITests;
				PRODUCT_NAME = "$(TARGET_NAME)";
				SWIFT_EMIT_LOC_STRINGS = NO;
				SWIFT_VERSION = 5.0;
				TARGETED_DEVICE_FAMILY = "1,2";
				TEST_TARGET_NAME = Xand0;
			};
			name = Debug;
		};
		B32FE056274D1AC000585A63 /* Release */ = {
			isa = XCBuildConfiguration;
			buildSettings = {
				ALWAYS_EMBED_SWIFT_STANDARD_LIBRARIES = YES;
				CODE_SIGN_STYLE = Automatic;
				CURRENT_PROJECT_VERSION = 1;
				DEVELOPMENT_TEAM = JYXM9GFJ7A;
				GENERATE_INFOPLIST_FILE = YES;
				LD_RUNPATH_SEARCH_PATHS = (
					"$(inherited)",
					"@executable_path/Frameworks",
					"@loader_path/Frameworks",
				);
				MARKETING_VERSION = 1.0;
				PRODUCT_BUNDLE_IDENTIFIER = com.exemple.Xand0UITests;
				PRODUCT_NAME = "$(TARGET_NAME)";
				SWIFT_EMIT_LOC_STRINGS = NO;
				SWIFT_VERSION = 5.0;
				TARGETED_DEVICE_FAMILY = "1,2";
				TEST_TARGET_NAME = Xand0;
			};
			name = Release;
		};
/* End XCBuildConfiguration section */

/* Begin XCConfigurationList section */
		B32FE01F274D1AB300585A63 /* Build configuration list for PBXProject "Xand0" */ = {
			isa = XCConfigurationList;
			buildConfigurations = (
				B32FE04C274D1AC000585A63 /* Debug */,
				B32FE04D274D1AC000585A63 /* Release */,
			);
			defaultConfigurationIsVisible = 0;
			defaultConfigurationName = Release;
		};
		B32FE04E274D1AC000585A63 /* Build configuration list for PBXNativeTarget "Xand0" */ = {
			isa = XCConfigurationList;
			buildConfigurations = (
				B32FE04F274D1AC000585A63 /* Debug */,
				B32FE050274D1AC000585A63 /* Release */,
			);
			defaultConfigurationIsVisible = 0;
			defaultConfigurationName = Release;
		};
		B32FE051274D1AC000585A63 /* Build configuration list for PBXNativeTarget "Xand0Tests" */ = {
			isa = XCConfigurationList;
			buildConfigurations = (
				B32FE052274D1AC000585A63 /* Debug */,
				B32FE053274D1AC000585A63 /* Release */,
			);
			defaultConfigurationIsVisible = 0;
			defaultConfigurationName = Release;
		};
		B32FE054274D1AC000585A63 /* Build configuration list for PBXNativeTarget "Xand0UITests" */ = {
			isa = XCConfigurationList;
			buildConfigurations = (
				B32FE055274D1AC000585A63 /* Debug */,
				B32FE056274D1AC000585A63 /* Release */,
			);
			defaultConfigurationIsVisible = 0;
			defaultConfigurationName = Release;
		};
/* End XCConfigurationList section */
	};
	rootObject = B32FE01C274D1AB300585A63 /* Project object */;
}
